
Microsoft Visual Studio Solution File, Format Version 12.00
# Visual Studio 15
VisualStudioVersion = 15.0.26124.0
MinimumVisualStudioVersion = 15.0.26124.0
Project("{FAE04EC0-301F-11D3-BF4B-00C04F79EFBC}") = "application", "Api.Application\application.csproj", "{FD706F5E-C6BB-4F9D-87D1-FD0EF0A0FDCC}"
EndProject
Project("{FAE04EC0-301F-11D3-BF4B-00C04F79EFBC}") = "Domain", "Api.Domain\Domain.csproj", "{70A4E470-3288-4657-AB9E-1313FF4C34C9}"
EndProject
Project("{FAE04EC0-301F-11D3-BF4B-00C04F79EFBC}") = "CrossCutting", "Api.CrossCutting\CrossCutting.csproj", "{B98B7792-EF3D-48CA-B2CF-2E5007CC966B}"
EndProject
Project("{FAE04EC0-301F-11D3-BF4B-00C04F79EFBC}") = "Data", "Api.Data\Data.csproj", "{50F6C8B0-3118-4403-9994-66F77FA97AE8}"
EndProject
Project("{FAE04EC0-301F-11D3-BF4B-00C04F79EFBC}") = "Service", "Api.Service\Service.csproj", "{9E4F4F74-D60D-4753-953C-769CE7DA369D}"
EndProject
Project("{FAE04EC0-301F-11D3-BF4B-00C04F79EFBC}") = "Api.Data.Test", "Api.Data.Test\Api.Data.Test.csproj", "{BAF80BEE-B097-4A71-BF55-18D70A549509}"
EndProject
Project("{FAE04EC0-301F-11D3-BF4B-00C04F79EFBC}") = "Api.Service.Test", "Api.Service.Test\Api.Service.Test.csproj", "{E29B8D3D-B4AA-4CE9-BE0D-028B3804B070}"
EndProject
Project("{FAE04EC0-301F-11D3-BF4B-00C04F79EFBC}") = "Api.Application.Test", "Api.Application.Test\Api.Application.Test.csproj", "{C73BE9B7-3476-46F9-A2F8-91084C0A5E20}"
EndProject
Global
	GlobalSection(SolutionConfigurationPlatforms) = preSolution
		Debug|Any CPU = Debug|Any CPU
		Debug|x64 = Debug|x64
		Debug|x86 = Debug|x86
		Release|Any CPU = Release|Any CPU
		Release|x64 = Release|x64
		Release|x86 = Release|x86
	EndGlobalSection
	GlobalSection(SolutionProperties) = preSolution
		HideSolutionNode = FALSE
	EndGlobalSection
	GlobalSection(ProjectConfigurationPlatforms) = postSolution
		{FD706F5E-C6BB-4F9D-87D1-FD0EF0A0FDCC}.Debug|Any CPU.ActiveCfg = Debug|Any CPU
		{FD706F5E-C6BB-4F9D-87D1-FD0EF0A0FDCC}.Debug|Any CPU.Build.0 = Debug|Any CPU
		{FD706F5E-C6BB-4F9D-87D1-FD0EF0A0FDCC}.Debug|x64.ActiveCfg = Debug|Any CPU
		{FD706F5E-C6BB-4F9D-87D1-FD0EF0A0FDCC}.Debug|x64.Build.0 = Debug|Any CPU
		{FD706F5E-C6BB-4F9D-87D1-FD0EF0A0FDCC}.Debug|x86.ActiveCfg = Debug|Any CPU
		{FD706F5E-C6BB-4F9D-87D1-FD0EF0A0FDCC}.Debug|x86.Build.0 = Debug|Any CPU
		{FD706F5E-C6BB-4F9D-87D1-FD0EF0A0FDCC}.Release|Any CPU.ActiveCfg = Release|Any CPU
		{FD706F5E-C6BB-4F9D-87D1-FD0EF0A0FDCC}.Release|Any CPU.Build.0 = Release|Any CPU
		{FD706F5E-C6BB-4F9D-87D1-FD0EF0A0FDCC}.Release|x64.ActiveCfg = Release|Any CPU
		{FD706F5E-C6BB-4F9D-87D1-FD0EF0A0FDCC}.Release|x64.Build.0 = Release|Any CPU
		{FD706F5E-C6BB-4F9D-87D1-FD0EF0A0FDCC}.Release|x86.ActiveCfg = Release|Any CPU
		{FD706F5E-C6BB-4F9D-87D1-FD0EF0A0FDCC}.Release|x86.Build.0 = Release|Any CPU
		{70A4E470-3288-4657-AB9E-1313FF4C34C9}.Debug|Any CPU.ActiveCfg = Debug|Any CPU
		{70A4E470-3288-4657-AB9E-1313FF4C34C9}.Debug|Any CPU.Build.0 = Debug|Any CPU
		{70A4E470-3288-4657-AB9E-1313FF4C34C9}.Debug|x64.ActiveCfg = Debug|Any CPU
		{70A4E470-3288-4657-AB9E-1313FF4C34C9}.Debug|x64.Build.0 = Debug|Any CPU
		{70A4E470-3288-4657-AB9E-1313FF4C34C9}.Debug|x86.ActiveCfg = Debug|Any CPU
		{70A4E470-3288-4657-AB9E-1313FF4C34C9}.Debug|x86.Build.0 = Debug|Any CPU
		{70A4E470-3288-4657-AB9E-1313FF4C34C9}.Release|Any CPU.ActiveCfg = Release|Any CPU
		{70A4E470-3288-4657-AB9E-1313FF4C34C9}.Release|Any CPU.Build.0 = Release|Any CPU
		{70A4E470-3288-4657-AB9E-1313FF4C34C9}.Release|x64.ActiveCfg = Release|Any CPU
		{70A4E470-3288-4657-AB9E-1313FF4C34C9}.Release|x64.Build.0 = Release|Any CPU
		{70A4E470-3288-4657-AB9E-1313FF4C34C9}.Release|x86.ActiveCfg = Release|Any CPU
		{70A4E470-3288-4657-AB9E-1313FF4C34C9}.Release|x86.Build.0 = Release|Any CPU
		{B98B7792-EF3D-48CA-B2CF-2E5007CC966B}.Debug|Any CPU.ActiveCfg = Debug|Any CPU
		{B98B7792-EF3D-48CA-B2CF-2E5007CC966B}.Debug|Any CPU.Build.0 = Debug|Any CPU
		{B98B7792-EF3D-48CA-B2CF-2E5007CC966B}.Debug|x64.ActiveCfg = Debug|Any CPU
		{B98B7792-EF3D-48CA-B2CF-2E5007CC966B}.Debug|x64.Build.0 = Debug|Any CPU
		{B98B7792-EF3D-48CA-B2CF-2E5007CC966B}.Debug|x86.ActiveCfg = Debug|Any CPU
		{B98B7792-EF3D-48CA-B2CF-2E5007CC966B}.Debug|x86.Build.0 = Debug|Any CPU
		{B98B7792-EF3D-48CA-B2CF-2E5007CC966B}.Release|Any CPU.ActiveCfg = Release|Any CPU
		{B98B7792-EF3D-48CA-B2CF-2E5007CC966B}.Release|Any CPU.Build.0 = Release|Any CPU
		{B98B7792-EF3D-48CA-B2CF-2E5007CC966B}.Release|x64.ActiveCfg = Release|Any CPU
		{B98B7792-EF3D-48CA-B2CF-2E5007CC966B}.Release|x64.Build.0 = Release|Any CPU
		{B98B7792-EF3D-48CA-B2CF-2E5007CC966B}.Release|x86.ActiveCfg = Release|Any CPU
		{B98B7792-EF3D-48CA-B2CF-2E5007CC966B}.Release|x86.Build.0 = Release|Any CPU
		{50F6C8B0-3118-4403-9994-66F77FA97AE8}.Debug|Any CPU.ActiveCfg = Debug|Any CPU
		{50F6C8B0-3118-4403-9994-66F77FA97AE8}.Debug|Any CPU.Build.0 = Debug|Any CPU
		{50F6C8B0-3118-4403-9994-66F77FA97AE8}.Debug|x64.ActiveCfg = Debug|Any CPU
		{50F6C8B0-3118-4403-9994-66F77FA97AE8}.Debug|x64.Build.0 = Debug|Any CPU
		{50F6C8B0-3118-4403-9994-66F77FA97AE8}.Debug|x86.ActiveCfg = Debug|Any CPU
		{50F6C8B0-3118-4403-9994-66F77FA97AE8}.Debug|x86.Build.0 = Debug|Any CPU
		{50F6C8B0-3118-4403-9994-66F77FA97AE8}.Release|Any CPU.ActiveCfg = Release|Any CPU
		{50F6C8B0-3118-4403-9994-66F77FA97AE8}.Release|Any CPU.Build.0 = Release|Any CPU
		{50F6C8B0-3118-4403-9994-66F77FA97AE8}.Release|x64.ActiveCfg = Release|Any CPU
		{50F6C8B0-3118-4403-9994-66F77FA97AE8}.Release|x64.Build.0 = Release|Any CPU
		{50F6C8B0-3118-4403-9994-66F77FA97AE8}.Release|x86.ActiveCfg = Release|Any CPU
		{50F6C8B0-3118-4403-9994-66F77FA97AE8}.Release|x86.Build.0 = Release|Any CPU
		{9E4F4F74-D60D-4753-953C-769CE7DA369D}.Debug|Any CPU.ActiveCfg = Debug|Any CPU
		{9E4F4F74-D60D-4753-953C-769CE7DA369D}.Debug|Any CPU.Build.0 = Debug|Any CPU
		{9E4F4F74-D60D-4753-953C-769CE7DA369D}.Debug|x64.ActiveCfg = Debug|Any CPU
		{9E4F4F74-D60D-4753-953C-769CE7DA369D}.Debug|x64.Build.0 = Debug|Any CPU
		{9E4F4F74-D60D-4753-953C-769CE7DA369D}.Debug|x86.ActiveCfg = Debug|Any CPU
		{9E4F4F74-D60D-4753-953C-769CE7DA369D}.Debug|x86.Build.0 = Debug|Any CPU
		{9E4F4F74-D60D-4753-953C-769CE7DA369D}.Release|Any CPU.ActiveCfg = Release|Any CPU
		{9E4F4F74-D60D-4753-953C-769CE7DA369D}.Release|Any CPU.Build.0 = Release|Any CPU
		{9E4F4F74-D60D-4753-953C-769CE7DA369D}.Release|x64.ActiveCfg = Release|Any CPU
		{9E4F4F74-D60D-4753-953C-769CE7DA369D}.Release|x64.Build.0 = Release|Any CPU
		{9E4F4F74-D60D-4753-953C-769CE7DA369D}.Release|x86.ActiveCfg = Release|Any CPU
		{9E4F4F74-D60D-4753-953C-769CE7DA369D}.Release|x86.Build.0 = Release|Any CPU
		{BAF80BEE-B097-4A71-BF55-18D70A549509}.Debug|Any CPU.ActiveCfg = Debug|Any CPU
		{BAF80BEE-B097-4A71-BF55-18D70A549509}.Debug|Any CPU.Build.0 = Debug|Any CPU
		{BAF80BEE-B097-4A71-BF55-18D70A549509}.Debug|x64.ActiveCfg = Debug|Any CPU
		{BAF80BEE-B097-4A71-BF55-18D70A549509}.Debug|x64.Build.0 = Debug|Any CPU
		{BAF80BEE-B097-4A71-BF55-18D70A549509}.Debug|x86.ActiveCfg = Debug|Any CPU
		{BAF80BEE-B097-4A71-BF55-18D70A549509}.Debug|x86.Build.0 = Debug|Any CPU
		{BAF80BEE-B097-4A71-BF55-18D70A549509}.Release|Any CPU.ActiveCfg = Release|Any CPU
		{BAF80BEE-B097-4A71-BF55-18D70A549509}.Release|Any CPU.Build.0 = Release|Any CPU
		{BAF80BEE-B097-4A71-BF55-18D70A549509}.Release|x64.ActiveCfg = Release|Any CPU
		{BAF80BEE-B097-4A71-BF55-18D70A549509}.Release|x64.Build.0 = Release|Any CPU
		{BAF80BEE-B097-4A71-BF55-18D70A549509}.Release|x86.ActiveCfg = Release|Any CPU
		{BAF80BEE-B097-4A71-BF55-18D70A549509}.Release|x86.Build.0 = Release|Any CPU
		{E29B8D3D-B4AA-4CE9-BE0D-028B3804B070}.Debug|Any CPU.ActiveCfg = Debug|Any CPU
		{E29B8D3D-B4AA-4CE9-BE0D-028B3804B070}.Debug|Any CPU.Build.0 = Debug|Any CPU
		{E29B8D3D-B4AA-4CE9-BE0D-028B3804B070}.Debug|x64.ActiveCfg = Debug|Any CPU
		{E29B8D3D-B4AA-4CE9-BE0D-028B3804B070}.Debug|x64.Build.0 = Debug|Any CPU
		{E29B8D3D-B4AA-4CE9-BE0D-028B3804B070}.Debug|x86.ActiveCfg = Debug|Any CPU
		{E29B8D3D-B4AA-4CE9-BE0D-028B3804B070}.Debug|x86.Build.0 = Debug|Any CPU
		{E29B8D3D-B4AA-4CE9-BE0D-028B3804B070}.Release|Any CPU.ActiveCfg = Release|Any CPU
		{E29B8D3D-B4AA-4CE9-BE0D-028B3804B070}.Release|Any CPU.Build.0 = Release|Any CPU
		{E29B8D3D-B4AA-4CE9-BE0D-028B3804B070}.Release|x64.ActiveCfg = Release|Any CPU
		{E29B8D3D-B4AA-4CE9-BE0D-028B3804B070}.Release|x64.Build.0 = Release|Any CPU
		{E29B8D3D-B4AA-4CE9-BE0D-028B3804B070}.Release|x86.ActiveCfg = Release|Any CPU
		{E29B8D3D-B4AA-4CE9-BE0D-028B3804B070}.Release|x86.Build.0 = Release|Any CPU
		{C73BE9B7-3476-46F9-A2F8-91084C0A5E20}.Debug|Any CPU.ActiveCfg = Debug|Any CPU
		{C73BE9B7-3476-46F9-A2F8-91084C0A5E20}.Debug|Any CPU.Build.0 = Debug|Any CPU
		{C73BE9B7-3476-46F9-A2F8-91084C0A5E20}.Debug|x64.ActiveCfg = Debug|Any CPU
		{C73BE9B7-3476-46F9-A2F8-91084C0A5E20}.Debug|x64.Build.0 = Debug|Any CPU
		{C73BE9B7-3476-46F9-A2F8-91084C0A5E20}.Debug|x86.ActiveCfg = Debug|Any CPU
		{C73BE9B7-3476-46F9-A2F8-91084C0A5E20}.Debug|x86.Build.0 = Debug|Any CPU
		{C73BE9B7-3476-46F9-A2F8-91084C0A5E20}.Release|Any CPU.ActiveCfg = Release|Any CPU
		{C73BE9B7-3476-46F9-A2F8-91084C0A5E20}.Release|Any CPU.Build.0 = Release|Any CPU
		{C73BE9B7-3476-46F9-A2F8-91084C0A5E20}.Release|x64.ActiveCfg = Release|Any CPU
		{C73BE9B7-3476-46F9-A2F8-91084C0A5E20}.Release|x64.Build.0 = Release|Any CPU
		{C73BE9B7-3476-46F9-A2F8-91084C0A5E20}.Release|x86.ActiveCfg = Release|Any CPU
		{C73BE9B7-3476-46F9-A2F8-91084C0A5E20}.Release|x86.Build.0 = Release|Any CPU
	EndGlobalSection
EndGlobal
